
Microsoft Visual Studio Solution File, Format Version 12.00
# Visual Studio Version 16
VisualStudioVersion = 16.0.30907.101
MinimumVisualStudioVersion = 10.0.40219.1
Project("{FAE04EC0-301F-11D3-BF4B-00C04F79EFBC}") = "20Ocak2021Demo", "20Ocak2021Demo\20Ocak2021Demo.csproj", "{676786E8-9C0C-4298-AF1E-1E20CF8C77C6}"
EndProject
Global
	GlobalSection(SolutionConfigurationPlatforms) = preSolution
		Debug|Any CPU = Debug|Any CPU
		Release|Any CPU = Release|Any CPU
	EndGlobalSection
	GlobalSection(ProjectConfigurationPlatforms) = postSolution
		{676786E8-9C0C-4298-AF1E-1E20CF8C77C6}.Debug|Any CPU.ActiveCfg = Debug|Any CPU
		{676786E8-9C0C-4298-AF1E-1E20CF8C77C6}.Debug|Any CPU.Build.0 = Debug|Any CPU
		{676786E8-9C0C-4298-AF1E-1E20CF8C77C6}.Release|Any CPU.ActiveCfg = Release|Any CPU
		{676786E8-9C0C-4298-AF1E-1E20CF8C77C6}.Release|Any CPU.Build.0 = Release|Any CPU
	EndGlobalSection
	GlobalSection(SolutionProperties) = preSolution
		HideSolutionNode = FALSE
	EndGlobalSection
	GlobalSection(ExtensibilityGlobals) = postSolution
		SolutionGuid = {382F7639-C9F9-402C-B185-68E8026DC7D1}
	EndGlobalSection
EndGlobal
